
Microsoft Visual Studio Solution File, Format Version 12.00
# Visual Studio Version 17
VisualStudioVersion = 17.4.33213.308
MinimumVisualStudioVersion = 10.0.40219.1
Project("{FAE04EC0-301F-11D3-BF4B-00C04F79EFBC}") = "L4_5", "L4_5\L4_5.csproj", "{07710420-8016-4471-9797-2857217892DA}"
EndProject
Global
	GlobalSection(SolutionConfigurationPlatforms) = preSolution
		Debug|Any CPU = Debug|Any CPU
		Release|Any CPU = Release|Any CPU
	EndGlobalSection
	GlobalSection(ProjectConfigurationPlatforms) = postSolution
		{07710420-8016-4471-9797-2857217892DA}.Debug|Any CPU.ActiveCfg = Debug|Any CPU
		{07710420-8016-4471-9797-2857217892DA}.Debug|Any CPU.Build.0 = Debug|Any CPU
		{07710420-8016-4471-9797-2857217892DA}.Release|Any CPU.ActiveCfg = Release|Any CPU
		{07710420-8016-4471-9797-2857217892DA}.Release|Any CPU.Build.0 = Release|Any CPU
	EndGlobalSection
	GlobalSection(SolutionProperties) = preSolution
		HideSolutionNode = FALSE
	EndGlobalSection
	GlobalSection(ExtensibilityGlobals) = postSolution
		SolutionGuid = {A77CEF92-8166-4B55-A307-29B7E43F45BD}
	EndGlobalSection
EndGlobal
